
Microsoft Visual Studio Solution File, Format Version 12.00
# Visual Studio Version 17
VisualStudioVersion = 17.8.34525.116
MinimumVisualStudioVersion = 10.0.40219.1
Project("{FAE04EC0-301F-11D3-BF4B-00C04F79EFBC}") = "ProjetTheatreCours", "ProjetTheatreCours\ProjetTheatreCours.csproj", "{A48816C7-5177-432E-8592-96903599C1F2}"
EndProject
Global
	GlobalSection(SolutionConfigurationPlatforms) = preSolution
		Debug|Any CPU = Debug|Any CPU
		Release|Any CPU = Release|Any CPU
	EndGlobalSection
	GlobalSection(ProjectConfigurationPlatforms) = postSolution
		{A48816C7-5177-432E-8592-96903599C1F2}.Debug|Any CPU.ActiveCfg = Debug|Any CPU
		{A48816C7-5177-432E-8592-96903599C1F2}.Debug|Any CPU.Build.0 = Debug|Any CPU
		{A48816C7-5177-432E-8592-96903599C1F2}.Release|Any CPU.ActiveCfg = Release|Any CPU
		{A48816C7-5177-432E-8592-96903599C1F2}.Release|Any CPU.Build.0 = Release|Any CPU
	EndGlobalSection
	GlobalSection(SolutionProperties) = preSolution
		HideSolutionNode = FALSE
	EndGlobalSection
	GlobalSection(ExtensibilityGlobals) = postSolution
		SolutionGuid = {019E9112-25F4-4000-8C45-542FE4B24C9F}
	EndGlobalSection
EndGlobal
